version = 1
revision = 3
requires-python = ">=3.12"

[[package]]
name = "dobotpy-tests"
version = "0.1.0"
source = { virtual = "." }
dependencies = [
    { name = "pydobot" },
]

[package.metadata]
requires-dist = [{ name = "pydobot", specifier = ">=1.3.2" }]

[[package]]
name = "pydobot"
version = "1.3.2"
source = { registry = "https://pypi.org/simple" }
dependencies = [
    { name = "pyserial" },
]
sdist = { url = "https://files.pythonhosted.org/packages/37/8b/c4e042466c1d9d73117b6f555f6088ba8627850ef9fa18a9861d963ddfcd/pydobot-1.3.2.tar.gz", hash = "sha256:fd9bf88701b9edb4a9f0e3ee34e144d4ee3837b5931f78a461c3e9be6d7073f6", size = 5460, upload-time = "2021-03-05T07:30:55.883Z" }
wheels = [
    { url = "https://files.pythonhosted.org/packages/26/d8/cf69b982978e92529c8d7c5f077e94bebe213ea56bb6be2c11d89f94e365/pydobot-1.3.2-py3-none-any.whl", hash = "sha256:1649f41ca0fc49c0d1f1dcf624ceb8264bbc1522c2366438547917bd353ea25a", size = 7630, upload-time = "2021-03-05T07:30:54.892Z" },
]

[[package]]
name = "pyserial"
version = "3.4"
source = { registry = "https://pypi.org/simple" }
sdist = { url = "https://files.pythonhosted.org/packages/cc/74/11b04703ec416717b247d789103277269d567db575d2fd88f25d9767fe3d/pyserial-3.4.tar.gz", hash = "sha256:6e2d401fdee0eab996cf734e67773a0143b932772ca8b42451440cfed942c627", size = 151657, upload-time = "2017-07-23T21:10:04.368Z" }
wheels = [
    { url = "https://files.pythonhosted.org/packages/0d/e4/2a744dd9e3be04a0c0907414e2a01a7c88bb3915cbe3c8cc06e209f59c30/pyserial-3.4-py2.py3-none-any.whl", hash = "sha256:e0770fadba80c31013896c7e6ef703f72e7834965954a78e71a3049488d4d7d8", size = 193717, upload-time = "2017-07-23T21:10:01.982Z" },
]
